{
  "name": "react-option-charts",
  "version": "0.1.2",
  "lockfileVersion": 1,
  "requires": true,
  "dependencies": {
    "@react-financial-charts/annotations": {
      "version": "2.0.0",
      "resolved": "https://registry.npmjs.org/@react-financial-charts/annotations/-/annotations-2.0.0.tgz",
      "integrity": "sha512-pnpZa2+h5p3mQ5vR5Z36LgVT0UaWe0V5JfvLdLa97NIBKsLZwzJNP//KXK5T3cdK2RmgHFNbEegpSxYgk4hLYw==",
      "requires": {
        "@react-financial-charts/core": "^2.0.0",
        "@types/d3-scale": "^3.2.2"
      }
    },
    "@react-financial-charts/axes": {
      "version": "2.0.0",
      "resolved": "https://registry.npmjs.org/@react-financial-charts/axes/-/axes-2.0.0.tgz",
      "integrity": "sha512-VbkKsL+Hp92YpJmC5sDYq9D7z8CIjOtzNGdS+cuSALkU0NHD7XLhzO4GxiSUMMzrp99ecnBOv+2vdgNqEROYtg==",
      "requires": {
        "@react-financial-charts/core": "^2.0.0",
        "@types/d3-scale": "^3.2.2",
        "d3-array": "^2.9.1",
        "d3-force": "^2.1.1",
        "d3-scale": "^3.2.3",
        "d3-selection": "^2.0.0"
      }
    },
    "@react-financial-charts/coordinates": {
      "version": "2.0.0",
      "resolved": "https://registry.npmjs.org/@react-financial-charts/coordinates/-/coordinates-2.0.0.tgz",
      "integrity": "sha512-sC9sIrfFJ0GDmOXjZd5TBOToDS6FZKZtbZ0ZabNQzlIullHYRZrkZ4tyHl+Wsji7AmeVQjeE0LlAd1spqSVYEg==",
      "requires": {
        "@react-financial-charts/core": "^2.0.0",
        "d3-format": "^2.0.0"
      }
    },
    "@react-financial-charts/core": {
      "version": "2.0.0",
      "resolved": "https://registry.npmjs.org/@react-financial-charts/core/-/core-2.0.0.tgz",
      "integrity": "sha512-WduXh6Vf1N6qgbTl+U4MYBVuvk7MN8yaVB1aOy6FVFXqaZfQUaNIwk/s5LadgSIPjzK7g3NOdBG4StR9RFzy7w==",
      "requires": {
        "@types/d3-scale": "^3.2.2",
        "d3-array": "^2.9.1",
        "d3-scale": "^3.2.3",
        "d3-selection": "^2.0.0",
        "lodash.flattendeep": "^4.4.0"
      }
    },
    "@react-financial-charts/indicators": {
      "version": "2.0.0",
      "resolved": "https://registry.npmjs.org/@react-financial-charts/indicators/-/indicators-2.0.0.tgz",
      "integrity": "sha512-6DU3EaA+11twkSrN/wZ9wDEquvKLTaELt4qJ3M8YIX8wWnKyOFWlyzGjmn77hEa7iRv1VuVFNITEviWzy2Nq+A==",
      "requires": {
        "d3-array": "^2.9.1",
        "d3-scale": "^3.2.3"
      }
    },
    "@react-financial-charts/interactive": {
      "version": "2.0.0",
      "resolved": "https://registry.npmjs.org/@react-financial-charts/interactive/-/interactive-2.0.0.tgz",
      "integrity": "sha512-wZHEqUGNHpsrBpidk49pY0sXtAhYi2gQVWUW7xJbgVP1iE+Jpwtodbl6EOf16MGx3sQJuL1qwJvn2wwFObgl1g==",
      "requires": {
        "@react-financial-charts/coordinates": "^2.0.0",
        "@react-financial-charts/core": "^2.0.0",
        "d3-array": "^2.9.1",
        "d3-format": "^2.0.0",
        "d3-interpolate": "^2.0.1",
        "d3-path": "^2.0.0"
      }
    },
    "@react-financial-charts/scales": {
      "version": "2.0.0",
      "resolved": "https://registry.npmjs.org/@react-financial-charts/scales/-/scales-2.0.0.tgz",
      "integrity": "sha512-8lFXl/mWZ36LsNVHEtTUSURycceNxCWUeU8zY8SsssjQK7FaFPO29KIff+UVYdnlH5QVHVfaUHI/NNWn5wkPIA==",
      "requires": {
        "@react-financial-charts/core": "^2.0.0",
        "d3-array": "^2.9.1",
        "d3-scale": "^3.2.3",
        "d3-time-format": "^3.0.0"
      }
    },
    "@react-financial-charts/series": {
      "version": "2.0.0",
      "resolved": "https://registry.npmjs.org/@react-financial-charts/series/-/series-2.0.0.tgz",
      "integrity": "sha512-hVQEjzKaSLRcPLX8vibtOZa776wbZ3cWYrUtVZ9eYZ7ROHJ2pZslE4GwFV7o74Hjdet7a5AmCwASm3NkeXsFaQ==",
      "requires": {
        "@react-financial-charts/core": "^2.0.0",
        "@types/d3-scale": "^3.2.2",
        "d3-array": "^2.9.1",
        "d3-scale": "^3.2.3",
        "d3-shape": "^2.0.0"
      }
    },
    "@react-financial-charts/tooltip": {
      "version": "2.0.0",
      "resolved": "https://registry.npmjs.org/@react-financial-charts/tooltip/-/tooltip-2.0.0.tgz",
      "integrity": "sha512-EEAveu07nafgWVdZK7SNHAwqKVoKLKEjZBq7obhOGdnQ+1CSnQlyO+r6ISyabQt/XBpnASVCwqlK2NHewdoWxA==",
      "requires": {
        "@react-financial-charts/core": "^2.0.0",
        "d3-array": "^2.9.1",
        "d3-format": "^2.0.0",
        "d3-time-format": "^3.0.0"
      }
    },
    "@react-financial-charts/utils": {
      "version": "2.0.1",
      "resolved": "https://registry.npmjs.org/@react-financial-charts/utils/-/utils-2.0.1.tgz",
      "integrity": "sha512-oUyfiURZ4bwTl+9794/BE+oAyK+7MkclOoL3rMQl4NtAY5Xb4NHAGCwK2Zh82gf0f2/68Rl4rho4lpFCDsFYmg==",
      "requires": {
        "react-virtualized-auto-sizer": "^1.0.16"
      }
    },
    "@types/d3-path": {
      "version": "3.0.0",
      "resolved": "https://registry.npmjs.org/@types/d3-path/-/d3-path-3.0.0.tgz",
      "integrity": "sha512-0g/A+mZXgFkQxN3HniRDbXMN79K3CdTpLsevj+PXiTcb2hVyvkZUBg37StmgCQkaD84cUJ4uaDAWq7UJOQy2Tg==",
      "dev": true
    },
    "@types/d3-scale": {
      "version": "3.3.2",
      "resolved": "https://registry.npmjs.org/@types/d3-scale/-/d3-scale-3.3.2.tgz",
      "integrity": "sha512-gGqr7x1ost9px3FvIfUMi5XA/F/yAf4UkUDtdQhpH92XCT0Oa7zkkRzY61gPVJq+DxpHn/btouw5ohWkbBsCzQ==",
      "requires": {
        "@types/d3-time": "^2"
      }
    },
    "@types/d3-shape": {
      "version": "3.1.1",
      "resolved": "https://registry.npmjs.org/@types/d3-shape/-/d3-shape-3.1.1.tgz",
      "integrity": "sha512-6Uh86YFF7LGg4PQkuO2oG6EMBRLuW9cbavUW46zkIO5kuS2PfTqo2o9SkgtQzguBHbLgNnU90UNsITpsX1My+A==",
      "dev": true,
      "requires": {
        "@types/d3-path": "*"
      }
    },
    "@types/d3-time": {
      "version": "2.1.1",
      "resolved": "https://registry.npmjs.org/@types/d3-time/-/d3-time-2.1.1.tgz",
      "integrity": "sha512-9MVYlmIgmRR31C5b4FVSWtuMmBHh2mOWQYfl7XAYOa8dsnb7iEmUmRSWSFgXFtkjxO65d7hTUHQC+RhR/9IWFg=="
    },
    "@types/prop-types": {
      "version": "15.7.5",
      "resolved": "https://registry.npmjs.org/@types/prop-types/-/prop-types-15.7.5.tgz",
      "integrity": "sha512-JCB8C6SnDoQf0cNycqd/35A7MjcnK+ZTqE7judS6o7utxUCg6imJg3QK2qzHKszlTjcj2cn+NwMB2i96ubpj7w==",
      "dev": true
    },
    "@types/react": {
      "version": "18.2.14",
      "resolved": "https://registry.npmjs.org/@types/react/-/react-18.2.14.tgz",
      "integrity": "sha512-A0zjq+QN/O0Kpe30hA1GidzyFjatVvrpIvWLxD+xv67Vt91TWWgco9IvrJBkeyHm1trGaFS/FSGqPlhyeZRm0g==",
      "dev": true,
      "requires": {
        "@types/prop-types": "*",
        "@types/scheduler": "*",
        "csstype": "^3.0.2"
      }
    },
    "@types/scheduler": {
      "version": "0.16.3",
      "resolved": "https://registry.npmjs.org/@types/scheduler/-/scheduler-0.16.3.tgz",
      "integrity": "sha512-5cJ8CB4yAx7BH1oMvdU0Jh9lrEXyPkar6F9G/ERswkCuvP4KQZfZkSjcMbAICCpQTN4OuZn8tz0HiKv9TGZgrQ==",
      "dev": true
    },
    "black-scholes": {
      "version": "1.1.0",
      "resolved": "https://registry.npmjs.org/black-scholes/-/black-scholes-1.1.0.tgz",
      "integrity": "sha512-23iaI490ai4pRclxWTM7BJyD8GzDibJCltLSX3xg86D3t8fzx67cqYSfL8WQLHnza1BhEeeA898XqpfRuQyQ2w=="
    },
    "csstype": {
      "version": "3.1.2",
      "resolved": "https://registry.npmjs.org/csstype/-/csstype-3.1.2.tgz",
      "integrity": "sha512-I7K1Uu0MBPzaFKg4nI5Q7Vs2t+3gWWW648spaF+Rg7pI9ds18Ugn+lvg4SHczUdKlHI5LWBXyqfS8+DufyBsgQ==",
      "dev": true
    },
    "d3-array": {
      "version": "2.12.1",
      "resolved": "https://registry.npmjs.org/d3-array/-/d3-array-2.12.1.tgz",
      "integrity": "sha512-B0ErZK/66mHtEsR1TkPEEkwdy+WDesimkM5gpZr5Dsg54BiTA5RXtYW5qTLIAcekaS9xfZrzBLF/OAkB3Qn1YQ==",
      "requires": {
        "internmap": "^1.0.0"
      }
    },
    "d3-color": {
      "version": "2.0.0",
      "resolved": "https://registry.npmjs.org/d3-color/-/d3-color-2.0.0.tgz",
      "integrity": "sha512-SPXi0TSKPD4g9tw0NMZFnR95XVgUZiBH+uUTqQuDu1OsE2zomHU7ho0FISciaPvosimixwHFl3WHLGabv6dDgQ=="
    },
    "d3-dispatch": {
      "version": "2.0.0",
      "resolved": "https://registry.npmjs.org/d3-dispatch/-/d3-dispatch-2.0.0.tgz",
      "integrity": "sha512-S/m2VsXI7gAti2pBoLClFFTMOO1HTtT0j99AuXLoGFKO6deHDdnv6ZGTxSTTUTgO1zVcv82fCOtDjYK4EECmWA=="
    },
    "d3-force": {
      "version": "2.1.1",
      "resolved": "https://registry.npmjs.org/d3-force/-/d3-force-2.1.1.tgz",
      "integrity": "sha512-nAuHEzBqMvpFVMf9OX75d00OxvOXdxY+xECIXjW6Gv8BRrXu6gAWbv/9XKrvfJ5i5DCokDW7RYE50LRoK092ew==",
      "requires": {
        "d3-dispatch": "1 - 2",
        "d3-quadtree": "1 - 2",
        "d3-timer": "1 - 2"
      }
    },
    "d3-format": {
      "version": "2.0.0",
      "resolved": "https://registry.npmjs.org/d3-format/-/d3-format-2.0.0.tgz",
      "integrity": "sha512-Ab3S6XuE/Q+flY96HXT0jOXcM4EAClYFnRGY5zsjRGNy6qCYrQsMffs7cV5Q9xejb35zxW5hf/guKw34kvIKsA=="
    },
    "d3-interpolate": {
      "version": "2.0.1",
      "resolved": "https://registry.npmjs.org/d3-interpolate/-/d3-interpolate-2.0.1.tgz",
      "integrity": "sha512-c5UhwwTs/yybcmTpAVqwSFl6vrQ8JZJoT5F7xNFK9pymv5C0Ymcc9/LIJHtYIggg/yS9YHw8i8O8tgb9pupjeQ==",
      "requires": {
        "d3-color": "1 - 2"
      }
    },
    "d3-path": {
      "version": "2.0.0",
      "resolved": "https://registry.npmjs.org/d3-path/-/d3-path-2.0.0.tgz",
      "integrity": "sha512-ZwZQxKhBnv9yHaiWd6ZU4x5BtCQ7pXszEV9CU6kRgwIQVQGLMv1oiL4M+MK/n79sYzsj+gcgpPQSctJUsLN7fA=="
    },
    "d3-quadtree": {
      "version": "2.0.0",
      "resolved": "https://registry.npmjs.org/d3-quadtree/-/d3-quadtree-2.0.0.tgz",
      "integrity": "sha512-b0Ed2t1UUalJpc3qXzKi+cPGxeXRr4KU9YSlocN74aTzp6R/Ud43t79yLLqxHRWZfsvWXmbDWPpoENK1K539xw=="
    },
    "d3-scale": {
      "version": "3.3.0",
      "resolved": "https://registry.npmjs.org/d3-scale/-/d3-scale-3.3.0.tgz",
      "integrity": "sha512-1JGp44NQCt5d1g+Yy+GeOnZP7xHo0ii8zsQp6PGzd+C1/dl0KGsp9A7Mxwp+1D1o4unbTTxVdU/ZOIEBoeZPbQ==",
      "requires": {
        "d3-array": "^2.3.0",
        "d3-format": "1 - 2",
        "d3-interpolate": "1.2.0 - 2",
        "d3-time": "^2.1.1",
        "d3-time-format": "2 - 3"
      }
    },
    "d3-selection": {
      "version": "2.0.0",
      "resolved": "https://registry.npmjs.org/d3-selection/-/d3-selection-2.0.0.tgz",
      "integrity": "sha512-XoGGqhLUN/W14NmaqcO/bb1nqjDAw5WtSYb2X8wiuQWvSZUsUVYsOSkOybUrNvcBjaywBdYPy03eXHMXjk9nZA=="
    },
    "d3-shape": {
      "version": "2.1.0",
      "resolved": "https://registry.npmjs.org/d3-shape/-/d3-shape-2.1.0.tgz",
      "integrity": "sha512-PnjUqfM2PpskbSLTJvAzp2Wv4CZsnAgTfcVRTwW03QR3MkXF8Uo7B1y/lWkAsmbKwuecto++4NlsYcvYpXpTHA==",
      "requires": {
        "d3-path": "1 - 2"
      }
    },
    "d3-time": {
      "version": "2.1.1",
      "resolved": "https://registry.npmjs.org/d3-time/-/d3-time-2.1.1.tgz",
      "integrity": "sha512-/eIQe/eR4kCQwq7yxi7z4c6qEXf2IYGcjoWB5OOQy4Tq9Uv39/947qlDcN2TLkiTzQWzvnsuYPB9TrWaNfipKQ==",
      "requires": {
        "d3-array": "2"
      }
    },
    "d3-time-format": {
      "version": "3.0.0",
      "resolved": "https://registry.npmjs.org/d3-time-format/-/d3-time-format-3.0.0.tgz",
      "integrity": "sha512-UXJh6EKsHBTjopVqZBhFysQcoXSv/5yLONZvkQ5Kk3qbwiUYkdX17Xa1PT6U1ZWXGGfB1ey5L8dKMlFq2DO0Ag==",
      "requires": {
        "d3-time": "1 - 2"
      }
    },
    "d3-timer": {
      "version": "2.0.0",
      "resolved": "https://registry.npmjs.org/d3-timer/-/d3-timer-2.0.0.tgz",
      "integrity": "sha512-TO4VLh0/420Y/9dO3+f9abDEFYeCUr2WZRlxJvbp4HPTQcSylXNiL6yZa9FIUvV1yRiFufl1bszTCLDqv9PWNA=="
    },
    "internmap": {
      "version": "1.0.1",
      "resolved": "https://registry.npmjs.org/internmap/-/internmap-1.0.1.tgz",
      "integrity": "sha512-lDB5YccMydFBtasVtxnZ3MRBHuaoE8GKsppq+EchKL2U4nK/DmEpPHNH8MZe5HkMtpSiTSOZwfN0tzYjO/lJEw=="
    },
    "lodash.flattendeep": {
      "version": "4.4.0",
      "resolved": "https://registry.npmjs.org/lodash.flattendeep/-/lodash.flattendeep-4.4.0.tgz",
      "integrity": "sha512-uHaJFihxmJcEX3kT4I23ABqKKalJ/zDrDg0lsFtc1h+3uw49SIJ5beyhx5ExVRti3AvKoOJngIj7xz3oylPdWQ=="
    },
    "react-financial-charts": {
      "version": "2.0.1",
      "resolved": "https://registry.npmjs.org/react-financial-charts/-/react-financial-charts-2.0.1.tgz",
      "integrity": "sha512-KpPns2e+Dp90JcavkshhTXBAmw4mAmQunCU5V1QsWFNSIWIubmcigf3BvWxBJBrw9R6gpA91L9fUQsSAjDV3Bg==",
      "requires": {
        "@react-financial-charts/annotations": "^2.0.0",
        "@react-financial-charts/axes": "^2.0.0",
        "@react-financial-charts/coordinates": "^2.0.0",
        "@react-financial-charts/core": "^2.0.0",
        "@react-financial-charts/indicators": "^2.0.0",
        "@react-financial-charts/interactive": "^2.0.0",
        "@react-financial-charts/scales": "^2.0.0",
        "@react-financial-charts/series": "^2.0.0",
        "@react-financial-charts/tooltip": "^2.0.0",
        "@react-financial-charts/utils": "^2.0.1"
      }
    },
    "react-virtualized-auto-sizer": {
      "version": "1.0.20",
      "resolved": "https://registry.npmjs.org/react-virtualized-auto-sizer/-/react-virtualized-auto-sizer-1.0.20.tgz",
      "integrity": "sha512-OdIyHwj4S4wyhbKHOKM1wLSj/UDXm839Z3Cvfg2a9j+He6yDa6i5p0qQvEiCnyQlGO/HyfSnigQwuxvYalaAXA=="
    },
    "typescript": {
      "version": "4.9.5",
      "resolved": "https://registry.npmjs.org/typescript/-/typescript-4.9.5.tgz",
      "integrity": "sha512-1FXk9E2Hm+QzZQ7z+McJiHL4NW1F2EzMu9Nq9i3zAaGqibafqYwCVU6WyWAuyQRRzOlxou8xZSyXLEN8oKj24g==",
      "dev": true
    }
  }
}
